// !$*UTF8*$!
{
	archiveVersion = 1;
	classes = {
	};
	objectVersion = 50;
	objects = {

/* Begin PBXBuildFile section */
		AD214C0624B2421F00A0E3CA /* CircleImage.swift in Sources */ = {isa = PBXBuildFile; fileRef = AD214C0524B2421F00A0E3CA /* CircleImage.swift */; };
		AD214C0824B24C3C00A0E3CA /* MapView.swift in Sources */ = {isa = PBXBuildFile; fileRef = AD214C0724B24C3C00A0E3CA /* MapView.swift */; };
		AD214C0D24B253E300A0E3CA /* Landmark.swift in Sources */ = {isa = PBXBuildFile; fileRef = AD214C0C24B253E300A0E3CA /* Landmark.swift */; };
		AD214C2A24B2551C00A0E3CA /* Data.swift in Sources */ = {isa = PBXBuildFile; fileRef = AD214C2924B2551C00A0E3CA /* Data.swift */; };
		AD214C2C24B256E400A0E3CA /* LandmarkRow.swift in Sources */ = {isa = PBXBuildFile; fileRef = AD214C2B24B256E400A0E3CA /* LandmarkRow.swift */; };
		AD35E87E24B3B3530078E5C6 /* UserData.swift in Sources */ = {isa = PBXBuildFile; fileRef = AD35E87D24B3B3530078E5C6 /* UserData.swift */; };
		AD35E8A024B3BA7F0078E5C6 /* Badge.swift in Sources */ = {isa = PBXBuildFile; fileRef = AD35E89F24B3BA7F0078E5C6 /* Badge.swift */; };
		AD35E8A424B3BB350078E5C6 /* HexagonParameters.swift in Sources */ = {isa = PBXBuildFile; fileRef = AD35E8A324B3BB350078E5C6 /* HexagonParameters.swift */; };
		AD35E8AA24B3BF110078E5C6 /* chilkoottrail.jpg in Resources */ = {isa = PBXBuildFile; fileRef = AD35E8A924B3BF110078E5C6 /* chilkoottrail.jpg */; };
		ADADA56224B1210E001546B6 /* AppDelegate.swift in Sources */ = {isa = PBXBuildFile; fileRef = ADADA56124B1210E001546B6 /* AppDelegate.swift */; };
		ADADA56424B1210E001546B6 /* SceneDelegate.swift in Sources */ = {isa = PBXBuildFile; fileRef = ADADA56324B1210E001546B6 /* SceneDelegate.swift */; };
		ADADA56624B1210E001546B6 /* LandmarkDetail.swift in Sources */ = {isa = PBXBuildFile; fileRef = ADADA56524B1210E001546B6 /* LandmarkDetail.swift */; };
		ADADA56824B1210F001546B6 /* Assets.xcassets in Resources */ = {isa = PBXBuildFile; fileRef = ADADA56724B1210F001546B6 /* Assets.xcassets */; };
		ADADA56B24B1210F001546B6 /* Preview Assets.xcassets in Resources */ = {isa = PBXBuildFile; fileRef = ADADA56A24B1210F001546B6 /* Preview Assets.xcassets */; };
		ADADA56E24B1210F001546B6 /* LaunchScreen.storyboard in Resources */ = {isa = PBXBuildFile; fileRef = ADADA56C24B1210F001546B6 /* LaunchScreen.storyboard */; };
		ADDE38FA24B2591600F633AD /* LandmarkList.swift in Sources */ = {isa = PBXBuildFile; fileRef = ADDE38F924B2591600F633AD /* LandmarkList.swift */; };
		ADDE394624B3AFAD00F633AD /* icybay.jpg in Resources */ = {isa = PBXBuildFile; fileRef = ADDE393924B3AFAC00F633AD /* icybay.jpg */; };
		ADDE394724B3AFAD00F633AD /* rainbowlake.jpg in Resources */ = {isa = PBXBuildFile; fileRef = ADDE393A24B3AFAC00F633AD /* rainbowlake.jpg */; };
		ADDE394824B3AFAD00F633AD /* stmarylake.jpg in Resources */ = {isa = PBXBuildFile; fileRef = ADDE393B24B3AFAD00F633AD /* stmarylake.jpg */; };
		ADDE394924B3AFAD00F633AD /* twinlake.jpg in Resources */ = {isa = PBXBuildFile; fileRef = ADDE393C24B3AFAD00F633AD /* twinlake.jpg */; };
		ADDE394B24B3AFAD00F633AD /* chincoteague.jpg in Resources */ = {isa = PBXBuildFile; fileRef = ADDE393E24B3AFAD00F633AD /* chincoteague.jpg */; };
		ADDE394C24B3AFAD00F633AD /* turtlerock.jpg in Resources */ = {isa = PBXBuildFile; fileRef = ADDE393F24B3AFAD00F633AD /* turtlerock.jpg */; };
		ADDE394D24B3AFAD00F633AD /* umbagog.jpg in Resources */ = {isa = PBXBuildFile; fileRef = ADDE394024B3AFAD00F633AD /* umbagog.jpg */; };
		ADDE394E24B3AFAD00F633AD /* landmarkData.json in Resources */ = {isa = PBXBuildFile; fileRef = ADDE394124B3AFAD00F633AD /* landmarkData.json */; };
		ADDE394F24B3AFAD00F633AD /* hiddenlake.jpg in Resources */ = {isa = PBXBuildFile; fileRef = ADDE394224B3AFAD00F633AD /* hiddenlake.jpg */; };
		ADDE395024B3AFAD00F633AD /* silversalmoncreek.jpg in Resources */ = {isa = PBXBuildFile; fileRef = ADDE394324B3AFAD00F633AD /* silversalmoncreek.jpg */; };
		ADDE395124B3AFAD00F633AD /* charleyrivers.jpg in Resources */ = {isa = PBXBuildFile; fileRef = ADDE394424B3AFAD00F633AD /* charleyrivers.jpg */; };
		ADDE395224B3AFAD00F633AD /* lakemcdonald.jpg in Resources */ = {isa = PBXBuildFile; fileRef = ADDE394524B3AFAD00F633AD /* lakemcdonald.jpg */; };
/* End PBXBuildFile section */

/* Begin PBXFileReference section */
		AD214C0524B2421F00A0E3CA /* CircleImage.swift */ = {isa = PBXFileReference; lastKnownFileType = sourcecode.swift; path = CircleImage.swift; sourceTree = "<group>"; };
		AD214C0724B24C3C00A0E3CA /* MapView.swift */ = {isa = PBXFileReference; lastKnownFileType = sourcecode.swift; path = MapView.swift; sourceTree = "<group>"; };
		AD214C0C24B253E300A0E3CA /* Landmark.swift */ = {isa = PBXFileReference; lastKnownFileType = sourcecode.swift; path = Landmark.swift; sourceTree = "<group>"; };
		AD214C2924B2551C00A0E3CA /* Data.swift */ = {isa = PBXFileReference; lastKnownFileType = sourcecode.swift; path = Data.swift; sourceTree = "<group>"; };
		AD214C2B24B256E400A0E3CA /* LandmarkRow.swift */ = {isa = PBXFileReference; lastKnownFileType = sourcecode.swift; path = LandmarkRow.swift; sourceTree = "<group>"; };
		AD35E87D24B3B3530078E5C6 /* UserData.swift */ = {isa = PBXFileReference; lastKnownFileType = sourcecode.swift; path = UserData.swift; sourceTree = "<group>"; };
		AD35E89F24B3BA7F0078E5C6 /* Badge.swift */ = {isa = PBXFileReference; lastKnownFileType = sourcecode.swift; path = Badge.swift; sourceTree = "<group>"; };
		AD35E8A324B3BB350078E5C6 /* HexagonParameters.swift */ = {isa = PBXFileReference; lastKnownFileType = sourcecode.swift; path = HexagonParameters.swift; sourceTree = "<group>"; };
		AD35E8A924B3BF110078E5C6 /* chilkoottrail.jpg */ = {isa = PBXFileReference; lastKnownFileType = image.jpeg; name = chilkoottrail.jpg; path = ../../../../Downloads/HandlingUserInput/StartingPoint/Landmarks/Landmarks/Resources/chilkoottrail.jpg; sourceTree = "<group>"; };
		ADADA55E24B1210E001546B6 /* Landmarks.app */ = {isa = PBXFileReference; explicitFileType = wrapper.application; includeInIndex = 0; path = Landmarks.app; sourceTree = BUILT_PRODUCTS_DIR; };
		ADADA56124B1210E001546B6 /* AppDelegate.swift */ = {isa = PBXFileReference; lastKnownFileType = sourcecode.swift; path = AppDelegate.swift; sourceTree = "<group>"; };
		ADADA56324B1210E001546B6 /* SceneDelegate.swift */ = {isa = PBXFileReference; lastKnownFileType = sourcecode.swift; path = SceneDelegate.swift; sourceTree = "<group>"; };
		ADADA56524B1210E001546B6 /* LandmarkDetail.swift */ = {isa = PBXFileReference; lastKnownFileType = sourcecode.swift; path = LandmarkDetail.swift; sourceTree = "<group>"; };
		ADADA56724B1210F001546B6 /* Assets.xcassets */ = {isa = PBXFileReference; lastKnownFileType = folder.assetcatalog; path = Assets.xcassets; sourceTree = "<group>"; };
		ADADA56A24B1210F001546B6 /* Preview Assets.xcassets */ = {isa = PBXFileReference; lastKnownFileType = folder.assetcatalog; path = "Preview Assets.xcassets"; sourceTree = "<group>"; };
		ADADA56D24B1210F001546B6 /* Base */ = {isa = PBXFileReference; lastKnownFileType = file.storyboard; name = Base; path = Base.lproj/LaunchScreen.storyboard; sourceTree = "<group>"; };
		ADADA56F24B1210F001546B6 /* Info.plist */ = {isa = PBXFileReference; lastKnownFileType = text.plist.xml; path = Info.plist; sourceTree = "<group>"; };
		ADDE38F924B2591600F633AD /* LandmarkList.swift */ = {isa = PBXFileReference; lastKnownFileType = sourcecode.swift; path = LandmarkList.swift; sourceTree = "<group>"; };
		ADDE393924B3AFAC00F633AD /* icybay.jpg */ = {isa = PBXFileReference; lastKnownFileType = image.jpeg; path = icybay.jpg; sourceTree = "<group>"; };
		ADDE393A24B3AFAC00F633AD /* rainbowlake.jpg */ = {isa = PBXFileReference; lastKnownFileType = image.jpeg; path = rainbowlake.jpg; sourceTree = "<group>"; };
		ADDE393B24B3AFAD00F633AD /* stmarylake.jpg */ = {isa = PBXFileReference; lastKnownFileType = image.jpeg; path = stmarylake.jpg; sourceTree = "<group>"; };
		ADDE393C24B3AFAD00F633AD /* twinlake.jpg */ = {isa = PBXFileReference; lastKnownFileType = image.jpeg; path = twinlake.jpg; sourceTree = "<group>"; };
		ADDE393E24B3AFAD00F633AD /* chincoteague.jpg */ = {isa = PBXFileReference; lastKnownFileType = image.jpeg; path = chincoteague.jpg; sourceTree = "<group>"; };
		ADDE393F24B3AFAD00F633AD /* turtlerock.jpg */ = {isa = PBXFileReference; lastKnownFileType = image.jpeg; path = turtlerock.jpg; sourceTree = "<group>"; };
		ADDE394024B3AFAD00F633AD /* umbagog.jpg */ = {isa = PBXFileReference; lastKnownFileType = image.jpeg; path = umbagog.jpg; sourceTree = "<group>"; };
		ADDE394124B3AFAD00F633AD /* landmarkData.json */ = {isa = PBXFileReference; fileEncoding = 4; lastKnownFileType = text.json; path = landmarkData.json; sourceTree = "<group>"; };
		ADDE394224B3AFAD00F633AD /* hiddenlake.jpg */ = {isa = PBXFileReference; lastKnownFileType = image.jpeg; path = hiddenlake.jpg; sourceTree = "<group>"; };
		ADDE394324B3AFAD00F633AD /* silversalmoncreek.jpg */ = {isa = PBXFileReference; lastKnownFileType = image.jpeg; path = silversalmoncreek.jpg; sourceTree = "<group>"; };
		ADDE394424B3AFAD00F633AD /* charleyrivers.jpg */ = {isa = PBXFileReference; lastKnownFileType = image.jpeg; path = charleyrivers.jpg; sourceTree = "<group>"; };
		ADDE394524B3AFAD00F633AD /* lakemcdonald.jpg */ = {isa = PBXFileReference; lastKnownFileType = image.jpeg; path = lakemcdonald.jpg; sourceTree = "<group>"; };
/* End PBXFileReference section */

/* Begin PBXFrameworksBuildPhase section */
		ADADA55B24B1210E001546B6 /* Frameworks */ = {
			isa = PBXFrameworksBuildPhase;
			buildActionMask = 2147483647;
			files = (
			);
			runOnlyForDeploymentPostprocessing = 0;
		};
/* End PBXFrameworksBuildPhase section */

/* Begin PBXGroup section */
		AD214C0424B241F700A0E3CA /* Models */ = {
			isa = PBXGroup;
			children = (
				AD214C0524B2421F00A0E3CA /* CircleImage.swift */,
				AD214C0724B24C3C00A0E3CA /* MapView.swift */,
			);
			path = Models;
			sourceTree = "<group>";
		};
		AD214C0B24B2538000A0E3CA /* Structs */ = {
			isa = PBXGroup;
			children = (
				AD214C0C24B253E300A0E3CA /* Landmark.swift */,
				AD214C2924B2551C00A0E3CA /* Data.swift */,
				AD35E87D24B3B3530078E5C6 /* UserData.swift */,
				AD35E8A324B3BB350078E5C6 /* HexagonParameters.swift */,
			);
			path = Structs;
			sourceTree = "<group>";
		};
		AD214C0E24B2547E00A0E3CA /* Resources */ = {
			isa = PBXGroup;
			children = (
				AD35E8A924B3BF110078E5C6 /* chilkoottrail.jpg */,
				ADDE394424B3AFAD00F633AD /* charleyrivers.jpg */,
				ADDE393E24B3AFAD00F633AD /* chincoteague.jpg */,
				ADDE394224B3AFAD00F633AD /* hiddenlake.jpg */,
				ADDE393924B3AFAC00F633AD /* icybay.jpg */,
				ADDE394524B3AFAD00F633AD /* lakemcdonald.jpg */,
				ADDE394124B3AFAD00F633AD /* landmarkData.json */,
				ADDE393A24B3AFAC00F633AD /* rainbowlake.jpg */,
				ADDE394324B3AFAD00F633AD /* silversalmoncreek.jpg */,
				ADDE393B24B3AFAD00F633AD /* stmarylake.jpg */,
				ADDE393F24B3AFAD00F633AD /* turtlerock.jpg */,
				ADDE393C24B3AFAD00F633AD /* twinlake.jpg */,
				ADDE394024B3AFAD00F633AD /* umbagog.jpg */,
			);
			path = Resources;
			sourceTree = "<group>";
		};
		ADADA55524B1210E001546B6 = {
			isa = PBXGroup;
			children = (
				ADADA56024B1210E001546B6 /* Landmarks */,
				ADADA55F24B1210E001546B6 /* Products */,
			);
			sourceTree = "<group>";
		};
		ADADA55F24B1210E001546B6 /* Products */ = {
			isa = PBXGroup;
			children = (
				ADADA55E24B1210E001546B6 /* Landmarks.app */,
			);
			name = Products;
			sourceTree = "<group>";
		};
		ADADA56024B1210E001546B6 /* Landmarks */ = {
			isa = PBXGroup;
			children = (
				AD214C0E24B2547E00A0E3CA /* Resources */,
				AD214C0B24B2538000A0E3CA /* Structs */,
				AD214C0424B241F700A0E3CA /* Models */,
				ADADA56124B1210E001546B6 /* AppDelegate.swift */,
				ADADA56324B1210E001546B6 /* SceneDelegate.swift */,
				ADADA56524B1210E001546B6 /* LandmarkDetail.swift */,
				ADADA56724B1210F001546B6 /* Assets.xcassets */,
				ADADA56C24B1210F001546B6 /* LaunchScreen.storyboard */,
				ADADA56F24B1210F001546B6 /* Info.plist */,
				ADADA56924B1210F001546B6 /* Preview Content */,
				AD214C2B24B256E400A0E3CA /* LandmarkRow.swift */,
				ADDE38F924B2591600F633AD /* LandmarkList.swift */,
				AD35E89F24B3BA7F0078E5C6 /* Badge.swift */,
			);
			path = Landmarks;
			sourceTree = "<group>";
		};
		ADADA56924B1210F001546B6 /* Preview Content */ = {
			isa = PBXGroup;
			children = (
				ADADA56A24B1210F001546B6 /* Preview Assets.xcassets */,
			);
			path = "Preview Content";
			sourceTree = "<group>";
		};
/* End PBXGroup section */

/* Begin PBXNativeTarget section */
		ADADA55D24B1210E001546B6 /* Landmarks */ = {
			isa = PBXNativeTarget;
			buildConfigurationList = ADADA57224B1210F001546B6 /* Build configuration list for PBXNativeTarget "Landmarks" */;
			buildPhases = (
				ADADA55A24B1210E001546B6 /* Sources */,
				ADADA55B24B1210E001546B6 /* Frameworks */,
				ADADA55C24B1210E001546B6 /* Resources */,
			);
			buildRules = (
			);
			dependencies = (
			);
			name = Landmarks;
			productName = Landmarks;
			productReference = ADADA55E24B1210E001546B6 /* Landmarks.app */;
			productType = "com.apple.product-type.application";
		};
/* End PBXNativeTarget section */

/* Begin PBXProject section */
		ADADA55624B1210E001546B6 /* Project object */ = {
			isa = PBXProject;
			attributes = {
				LastSwiftUpdateCheck = 1150;
				LastUpgradeCheck = 1150;
				ORGANIZATIONNAME = "Eugene Krapivenko";
				TargetAttributes = {
					ADADA55D24B1210E001546B6 = {
						CreatedOnToolsVersion = 11.5;
					};
				};
			};
			buildConfigurationList = ADADA55924B1210E001546B6 /* Build configuration list for PBXProject "Landmarks" */;
			compatibilityVersion = "Xcode 9.3";
			developmentRegion = en;
			hasScannedForEncodings = 0;
			knownRegions = (
				en,
				Base,
			);
			mainGroup = ADADA55524B1210E001546B6;
			productRefGroup = ADADA55F24B1210E001546B6 /* Products */;
			projectDirPath = "";
			projectRoot = "";
			targets = (
				ADADA55D24B1210E001546B6 /* Landmarks */,
			);
		};
/* End PBXProject section */

/* Begin PBXResourcesBuildPhase section */
		ADADA55C24B1210E001546B6 /* Resources */ = {
			isa = PBXResourcesBuildPhase;
			buildActionMask = 2147483647;
			files = (
				ADDE395124B3AFAD00F633AD /* charleyrivers.jpg in Resources */,
				ADDE394824B3AFAD00F633AD /* stmarylake.jpg in Resources */,
				ADDE394F24B3AFAD00F633AD /* hiddenlake.jpg in Resources */,
				ADADA56E24B1210F001546B6 /* LaunchScreen.storyboard in Resources */,
				ADDE394B24B3AFAD00F633AD /* chincoteague.jpg in Resources */,
				ADDE394C24B3AFAD00F633AD /* turtlerock.jpg in Resources */,
				ADDE394E24B3AFAD00F633AD /* landmarkData.json in Resources */,
				ADDE394724B3AFAD00F633AD /* rainbowlake.jpg in Resources */,
				ADADA56B24B1210F001546B6 /* Preview Assets.xcassets in Resources */,
				AD35E8AA24B3BF110078E5C6 /* chilkoottrail.jpg in Resources */,
				ADDE394924B3AFAD00F633AD /* twinlake.jpg in Resources */,
				ADDE394624B3AFAD00F633AD /* icybay.jpg in Resources */,
				ADDE395024B3AFAD00F633AD /* silversalmoncreek.jpg in Resources */,
				ADDE394D24B3AFAD00F633AD /* umbagog.jpg in Resources */,
				ADDE395224B3AFAD00F633AD /* lakemcdonald.jpg in Resources */,
				ADADA56824B1210F001546B6 /* Assets.xcassets in Resources */,
			);
			runOnlyForDeploymentPostprocessing = 0;
		};
/* End PBXResourcesBuildPhase section */

/* Begin PBXSourcesBuildPhase section */
		ADADA55A24B1210E001546B6 /* Sources */ = {
			isa = PBXSourcesBuildPhase;
			buildActionMask = 2147483647;
			files = (
				AD214C2A24B2551C00A0E3CA /* Data.swift in Sources */,
				AD35E8A424B3BB350078E5C6 /* HexagonParameters.swift in Sources */,
				ADADA56224B1210E001546B6 /* AppDelegate.swift in Sources */,
				AD35E8A024B3BA7F0078E5C6 /* Badge.swift in Sources */,
				AD214C0624B2421F00A0E3CA /* CircleImage.swift in Sources */,
				AD214C0824B24C3C00A0E3CA /* MapView.swift in Sources */,
				ADDE38FA24B2591600F633AD /* LandmarkList.swift in Sources */,
				ADADA56424B1210E001546B6 /* SceneDelegate.swift in Sources */,
				ADADA56624B1210E001546B6 /* LandmarkDetail.swift in Sources */,
				AD214C2C24B256E400A0E3CA /* LandmarkRow.swift in Sources */,
				AD35E87E24B3B3530078E5C6 /* UserData.swift in Sources */,
				AD214C0D24B253E300A0E3CA /* Landmark.swift in Sources */,
			);
			runOnlyForDeploymentPostprocessing = 0;
		};
/* End PBXSourcesBuildPhase section */

/* Begin PBXVariantGroup section */
		ADADA56C24B1210F001546B6 /* LaunchScreen.storyboard */ = {
			isa = PBXVariantGroup;
			children = (
				ADADA56D24B1210F001546B6 /* Base */,
			);
			name = LaunchScreen.storyboard;
			sourceTree = "<group>";
		};
/* End PBXVariantGroup section */

/* Begin XCBuildConfiguration section */
		ADADA57024B1210F001546B6 /* Debug */ = {
			isa = XCBuildConfiguration;
			buildSettings = {
				ALWAYS_SEARCH_USER_PATHS = NO;
				CLANG_ANALYZER_NONNULL = YES;
				CLANG_ANALYZER_NUMBER_OBJECT_CONVERSION = YES_AGGRESSIVE;
				CLANG_CXX_LANGUAGE_STANDARD = "gnu++14";
				CLANG_CXX_LIBRARY = "libc++";
				CLANG_ENABLE_MODULES = YES;
				CLANG_ENABLE_OBJC_ARC = YES;
				CLANG_ENABLE_OBJC_WEAK = YES;
				CLANG_WARN_BLOCK_CAPTURE_AUTORELEASING = YES;
				CLANG_WARN_BOOL_CONVERSION = YES;
				CLANG_WARN_COMMA = YES;
				CLANG_WARN_CONSTANT_CONVERSION = YES;
				CLANG_WARN_DEPRECATED_OBJC_IMPLEMENTATIONS = YES;
				CLANG_WARN_DIRECT_OBJC_ISA_USAGE = YES_ERROR;
				CLANG_WARN_DOCUMENTATION_COMMENTS = YES;
				CLANG_WARN_EMPTY_BODY = YES;
				CLANG_WARN_ENUM_CONVERSION = YES;
				CLANG_WARN_INFINITE_RECURSION = YES;
				CLANG_WARN_INT_CONVERSION = YES;
				CLANG_WARN_NON_LITERAL_NULL_CONVERSION = YES;
				CLANG_WARN_OBJC_IMPLICIT_RETAIN_SELF = YES;
				CLANG_WARN_OBJC_LITERAL_CONVERSION = YES;
				CLANG_WARN_OBJC_ROOT_CLASS = YES_ERROR;
				CLANG_WARN_RANGE_LOOP_ANALYSIS = YES;
				CLANG_WARN_STRICT_PROTOTYPES = YES;
				CLANG_WARN_SUSPICIOUS_MOVE = YES;
				CLANG_WARN_UNGUARDED_AVAILABILITY = YES_AGGRESSIVE;
				CLANG_WARN_UNREACHABLE_CODE = YES;
				CLANG_WARN__DUPLICATE_METHOD_MATCH = YES;
				COPY_PHASE_STRIP = NO;
				DEBUG_INFORMATION_FORMAT = dwarf;
				ENABLE_STRICT_OBJC_MSGSEND = YES;
				ENABLE_TESTABILITY = YES;
				GCC_C_LANGUAGE_STANDARD = gnu11;
				GCC_DYNAMIC_NO_PIC = NO;
				GCC_NO_COMMON_BLOCKS = YES;
				GCC_OPTIMIZATION_LEVEL = 0;
				GCC_PREPROCESSOR_DEFINITIONS = (
					"DEBUG=1",
					"$(inherited)",
				);
				GCC_WARN_64_TO_32_BIT_CONVERSION = YES;
				GCC_WARN_ABOUT_RETURN_TYPE = YES_ERROR;
				GCC_WARN_UNDECLARED_SELECTOR = YES;
				GCC_WARN_UNINITIALIZED_AUTOS = YES_AGGRESSIVE;
				GCC_WARN_UNUSED_FUNCTION = YES;
				GCC_WARN_UNUSED_VARIABLE = YES;
				IPHONEOS_DEPLOYMENT_TARGET = 13.5;
				MTL_ENABLE_DEBUG_INFO = INCLUDE_SOURCE;
				MTL_FAST_MATH = YES;
				ONLY_ACTIVE_ARCH = YES;
				SDKROOT = iphoneos;
				SWIFT_ACTIVE_COMPILATION_CONDITIONS = DEBUG;
				SWIFT_OPTIMIZATION_LEVEL = "-Onone";
			};
			name = Debug;
		};
		ADADA57124B1210F001546B6 /* Release */ = {
			isa = XCBuildConfiguration;
			buildSettings = {
				ALWAYS_SEARCH_USER_PATHS = NO;
				CLANG_ANALYZER_NONNULL = YES;
				CLANG_ANALYZER_NUMBER_OBJECT_CONVERSION = YES_AGGRESSIVE;
				CLANG_CXX_LANGUAGE_STANDARD = "gnu++14";
				CLANG_CXX_LIBRARY = "libc++";
				CLANG_ENABLE_MODULES = YES;
				CLANG_ENABLE_OBJC_ARC = YES;
				CLANG_ENABLE_OBJC_WEAK = YES;
				CLANG_WARN_BLOCK_CAPTURE_AUTORELEASING = YES;
				CLANG_WARN_BOOL_CONVERSION = YES;
				CLANG_WARN_COMMA = YES;
				CLANG_WARN_CONSTANT_CONVERSION = YES;
				CLANG_WARN_DEPRECATED_OBJC_IMPLEMENTATIONS = YES;
				CLANG_WARN_DIRECT_OBJC_ISA_USAGE = YES_ERROR;
				CLANG_WARN_DOCUMENTATION_COMMENTS = YES;
				CLANG_WARN_EMPTY_BODY = YES;
				CLANG_WARN_ENUM_CONVERSION = YES;
				CLANG_WARN_INFINITE_RECURSION = YES;
				CLANG_WARN_INT_CONVERSION = YES;
				CLANG_WARN_NON_LITERAL_NULL_CONVERSION = YES;
				CLANG_WARN_OBJC_IMPLICIT_RETAIN_SELF = YES;
				CLANG_WARN_OBJC_LITERAL_CONVERSION = YES;
				CLANG_WARN_OBJC_ROOT_CLASS = YES_ERROR;
				CLANG_WARN_RANGE_LOOP_ANALYSIS = YES;
				CLANG_WARN_STRICT_PROTOTYPES = YES;
				CLANG_WARN_SUSPICIOUS_MOVE = YES;
				CLANG_WARN_UNGUARDED_AVAILABILITY = YES_AGGRESSIVE;
				CLANG_WARN_UNREACHABLE_CODE = YES;
				CLANG_WARN__DUPLICATE_METHOD_MATCH = YES;
				COPY_PHASE_STRIP = NO;
				DEBUG_INFORMATION_FORMAT = "dwarf-with-dsym";
				ENABLE_NS_ASSERTIONS = NO;
				ENABLE_STRICT_OBJC_MSGSEND = YES;
				GCC_C_LANGUAGE_STANDARD = gnu11;
				GCC_NO_COMMON_BLOCKS = YES;
				GCC_WARN_64_TO_32_BIT_CONVERSION = YES;
				GCC_WARN_ABOUT_RETURN_TYPE = YES_ERROR;
				GCC_WARN_UNDECLARED_SELECTOR = YES;
				GCC_WARN_UNINITIALIZED_AUTOS = YES_AGGRESSIVE;
				GCC_WARN_UNUSED_FUNCTION = YES;
				GCC_WARN_UNUSED_VARIABLE = YES;
				IPHONEOS_DEPLOYMENT_TARGET = 13.5;
				MTL_ENABLE_DEBUG_INFO = NO;
				MTL_FAST_MATH = YES;
				SDKROOT = iphoneos;
				SWIFT_COMPILATION_MODE = wholemodule;
				SWIFT_OPTIMIZATION_LEVEL = "-O";
				VALIDATE_PRODUCT = YES;
			};
			name = Release;
		};
		ADADA57324B1210F001546B6 /* Debug */ = {
			isa = XCBuildConfiguration;
			buildSettings = {
				ASSETCATALOG_COMPILER_APPICON_NAME = AppIcon;
				CODE_SIGN_STYLE = Automatic;
				DEVELOPMENT_ASSET_PATHS = "\"Landmarks/Preview Content\"";
				DEVELOPMENT_TEAM = KAUKR7YZ5F;
				ENABLE_PREVIEWS = YES;
				INFOPLIST_FILE = Landmarks/Info.plist;
				LD_RUNPATH_SEARCH_PATHS = (
					"$(inherited)",
					"@executable_path/Frameworks",
				);
				PRODUCT_BUNDLE_IDENTIFIER = EK.Landmarks;
				PRODUCT_NAME = "$(TARGET_NAME)";
				SWIFT_VERSION = 5.0;
				TARGETED_DEVICE_FAMILY = "1,2";
			};
			name = Debug;
		};
		ADADA57424B1210F001546B6 /* Release */ = {
			isa = XCBuildConfiguration;
			buildSettings = {
				ASSETCATALOG_COMPILER_APPICON_NAME = AppIcon;
				CODE_SIGN_STYLE = Automatic;
				DEVELOPMENT_ASSET_PATHS = "\"Landmarks/Preview Content\"";
				DEVELOPMENT_TEAM = KAUKR7YZ5F;
				ENABLE_PREVIEWS = YES;
				INFOPLIST_FILE = Landmarks/Info.plist;
				LD_RUNPATH_SEARCH_PATHS = (
					"$(inherited)",
					"@executable_path/Frameworks",
				);
				PRODUCT_BUNDLE_IDENTIFIER = EK.Landmarks;
				PRODUCT_NAME = "$(TARGET_NAME)";
				SWIFT_VERSION = 5.0;
				TARGETED_DEVICE_FAMILY = "1,2";
			};
			name = Release;
		};
/* End XCBuildConfiguration section */

/* Begin XCConfigurationList section */
		ADADA55924B1210E001546B6 /* Build configuration list for PBXProject "Landmarks" */ = {
			isa = XCConfigurationList;
			buildConfigurations = (
				ADADA57024B1210F001546B6 /* Debug */,
				ADADA57124B1210F001546B6 /* Release */,
			);
			defaultConfigurationIsVisible = 0;
			defaultConfigurationName = Release;
		};
		ADADA57224B1210F001546B6 /* Build configuration list for PBXNativeTarget "Landmarks" */ = {
			isa = XCConfigurationList;
			buildConfigurations = (
				ADADA57324B1210F001546B6 /* Debug */,
				ADADA57424B1210F001546B6 /* Release */,
			);
			defaultConfigurationIsVisible = 0;
			defaultConfigurationName = Release;
		};
/* End XCConfigurationList section */
	};
	rootObject = ADADA55624B1210E001546B6 /* Project object */;
}
